
Microsoft Visual Studio Solution File, Format Version 12.00
# Visual Studio 15
VisualStudioVersion = 15.0.28307.271
MinimumVisualStudioVersion = 10.0.40219.1
Project("{FAE04EC0-301F-11D3-BF4B-00C04F79EFBC}") = "P2P.Api", "P2P.Api\P2P.Api.csproj", "{B472AE0D-594D-4FE9-857D-70204F05DAD9}"
EndProject
Global
	GlobalSection(SolutionConfigurationPlatforms) = preSolution
		Debug|Any CPU = Debug|Any CPU
		Release|Any CPU = Release|Any CPU
	EndGlobalSection
	GlobalSection(ProjectConfigurationPlatforms) = postSolution
		{B472AE0D-594D-4FE9-857D-70204F05DAD9}.Debug|Any CPU.ActiveCfg = Debug|Any CPU
		{B472AE0D-594D-4FE9-857D-70204F05DAD9}.Debug|Any CPU.Build.0 = Debug|Any CPU
		{B472AE0D-594D-4FE9-857D-70204F05DAD9}.Release|Any CPU.ActiveCfg = Release|Any CPU
		{B472AE0D-594D-4FE9-857D-70204F05DAD9}.Release|Any CPU.Build.0 = Release|Any CPU
	EndGlobalSection
	GlobalSection(SolutionProperties) = preSolution
		HideSolutionNode = FALSE
	EndGlobalSection
	GlobalSection(ExtensibilityGlobals) = postSolution
		SolutionGuid = {30409EFB-A8AD-44C0-BDDA-7BB9E4F36CB8}
	EndGlobalSection
EndGlobal
